PODS:
  - CocoaLumberjack (3.4.2):
    - CocoaLumberjack/Core (= 3.4.2)
  - CocoaLumberjack/Core (3.4.2)

DEPENDENCIES:
  - "CocoaLumberjack (from `git@github.com:9folders-common/CocoaLumberjack.git`)"

EXTERNAL SOURCES:
  CocoaLumberjack:
    :git: "git@github.com:9folders-common/CocoaLumberjack.git"

CHECKOUT OPTIONS:
  CocoaLumberjack:
    :commit: 713d285e5d16706b91f013500fb4e4e5be8e9b5a
    :git: "git@github.com:9folders-common/CocoaLumberjack.git"

SPEC CHECKSUMS:
  CocoaLumberjack: 42b660d91ece3cbc0b5c23d2e33138025def6791

PODFILE CHECKSUM: 573ceaaa2ecbfbcc70bb31fbf2b135c1bf2e4f62

COCOAPODS: 1.6.0.beta.2
